
Microsoft Visual Studio Solution File, Format Version 12.00
# Visual Studio Version 17
VisualStudioVersion = 17.7.34221.43
MinimumVisualStudioVersion = 10.0.40219.1
Project("{FAE04EC0-301F-11D3-BF4B-00C04F79EFBC}") = "WebApplication1", "WebApplication1\WebApplication1.csproj", "{B16FCC88-4B6D-44A3-9387-D293F44AE25D}"
EndProject
Global
	GlobalSection(SolutionConfigurationPlatforms) = preSolution
		Debug|Any CPU = Debug|Any CPU
		Release|Any CPU = Release|Any CPU
	EndGlobalSection
	GlobalSection(ProjectConfigurationPlatforms) = postSolution
		{B16FCC88-4B6D-44A3-9387-D293F44AE25D}.Debug|Any CPU.ActiveCfg = Debug|Any CPU
		{B16FCC88-4B6D-44A3-9387-D293F44AE25D}.Debug|Any CPU.Build.0 = Debug|Any CPU
		{B16FCC88-4B6D-44A3-9387-D293F44AE25D}.Release|Any CPU.ActiveCfg = Release|Any CPU
		{B16FCC88-4B6D-44A3-9387-D293F44AE25D}.Release|Any CPU.Build.0 = Release|Any CPU
	EndGlobalSection
	GlobalSection(SolutionProperties) = preSolution
		HideSolutionNode = FALSE
	EndGlobalSection
	GlobalSection(ExtensibilityGlobals) = postSolution
		SolutionGuid = {CFE0F9A6-F6A1-445B-8E7B-D8E25AF25E3A}
	EndGlobalSection
EndGlobal
